
Microsoft Visual Studio Solution File, Format Version 12.00
# Visual Studio Version 17
VisualStudioVersion = 17.10.34928.147
MinimumVisualStudioVersion = 10.0.40219.1
Project("{FAE04EC0-301F-11D3-BF4B-00C04F79EFBC}") = "Server", "Server\Server.csproj", "{B167A163-9538-4898-AC5C-22BA7EEA6459}"
EndProject
Project("{FAE04EC0-301F-11D3-BF4B-00C04F79EFBC}") = "Client", "Client\Client.csproj", "{74ED578B-555B-4AAE-919C-FE27471A6A93}"
EndProject
Project("{FAE04EC0-301F-11D3-BF4B-00C04F79EFBC}") = "BaseLibrary", "BaseLibrary\BaseLibrary.csproj", "{1BDA338E-3C77-4C46-9C91-EFD5C236840E}"
EndProject
Project("{FAE04EC0-301F-11D3-BF4B-00C04F79EFBC}") = "ClientLibrary", "ClientLibrary\ClientLibrary.csproj", "{CEFCECAD-D37D-4BB3-80F9-5A3B7B10A01F}"
EndProject
Project("{FAE04EC0-301F-11D3-BF4B-00C04F79EFBC}") = "ServerLibrary", "ServerLibrary\ServerLibrary.csproj", "{F9EBE4C2-A38E-45E6-91FA-0D091540E69B}"
EndProject
Global
	GlobalSection(SolutionConfigurationPlatforms) = preSolution
		Debug|Any CPU = Debug|Any CPU
		Release|Any CPU = Release|Any CPU
	EndGlobalSection
	GlobalSection(ProjectConfigurationPlatforms) = postSolution
		{B167A163-9538-4898-AC5C-22BA7EEA6459}.Debug|Any CPU.ActiveCfg = Debug|Any CPU
		{B167A163-9538-4898-AC5C-22BA7EEA6459}.Debug|Any CPU.Build.0 = Debug|Any CPU
		{B167A163-9538-4898-AC5C-22BA7EEA6459}.Release|Any CPU.ActiveCfg = Release|Any CPU
		{B167A163-9538-4898-AC5C-22BA7EEA6459}.Release|Any CPU.Build.0 = Release|Any CPU
		{74ED578B-555B-4AAE-919C-FE27471A6A93}.Debug|Any CPU.ActiveCfg = Debug|Any CPU
		{74ED578B-555B-4AAE-919C-FE27471A6A93}.Debug|Any CPU.Build.0 = Debug|Any CPU
		{74ED578B-555B-4AAE-919C-FE27471A6A93}.Release|Any CPU.ActiveCfg = Release|Any CPU
		{74ED578B-555B-4AAE-919C-FE27471A6A93}.Release|Any CPU.Build.0 = Release|Any CPU
		{1BDA338E-3C77-4C46-9C91-EFD5C236840E}.Debug|Any CPU.ActiveCfg = Debug|Any CPU
		{1BDA338E-3C77-4C46-9C91-EFD5C236840E}.Debug|Any CPU.Build.0 = Debug|Any CPU
		{1BDA338E-3C77-4C46-9C91-EFD5C236840E}.Release|Any CPU.ActiveCfg = Release|Any CPU
		{1BDA338E-3C77-4C46-9C91-EFD5C236840E}.Release|Any CPU.Build.0 = Release|Any CPU
		{CEFCECAD-D37D-4BB3-80F9-5A3B7B10A01F}.Debug|Any CPU.ActiveCfg = Debug|Any CPU
		{CEFCECAD-D37D-4BB3-80F9-5A3B7B10A01F}.Debug|Any CPU.Build.0 = Debug|Any CPU
		{CEFCECAD-D37D-4BB3-80F9-5A3B7B10A01F}.Release|Any CPU.ActiveCfg = Release|Any CPU
		{CEFCECAD-D37D-4BB3-80F9-5A3B7B10A01F}.Release|Any CPU.Build.0 = Release|Any CPU
		{F9EBE4C2-A38E-45E6-91FA-0D091540E69B}.Debug|Any CPU.ActiveCfg = Debug|Any CPU
		{F9EBE4C2-A38E-45E6-91FA-0D091540E69B}.Debug|Any CPU.Build.0 = Debug|Any CPU
		{F9EBE4C2-A38E-45E6-91FA-0D091540E69B}.Release|Any CPU.ActiveCfg = Release|Any CPU
		{F9EBE4C2-A38E-45E6-91FA-0D091540E69B}.Release|Any CPU.Build.0 = Release|Any CPU
	EndGlobalSection
	GlobalSection(SolutionProperties) = preSolution
		HideSolutionNode = FALSE
	EndGlobalSection
	GlobalSection(ExtensibilityGlobals) = postSolution
		SolutionGuid = {479A97B0-097E-43A9-8130-2C114330A001}
	EndGlobalSection
EndGlobal
